
Microsoft Visual Studio Solution File, Format Version 12.00
# Visual Studio Version 17
VisualStudioVersion = 17.11.35303.130
MinimumVisualStudioVersion = 10.0.40219.1
Project("{FAE04EC0-301F-11D3-BF4B-00C04F79EFBC}") = "CS-inheritance", "CS-inheritance.csproj", "{657FC1D9-E977-420E-A974-4B861A83FB67}"
EndProject
Global
	GlobalSection(SolutionConfigurationPlatforms) = preSolution
		Debug|Any CPU = Debug|Any CPU
		Release|Any CPU = Release|Any CPU
	EndGlobalSection
	GlobalSection(ProjectConfigurationPlatforms) = postSolution
		{657FC1D9-E977-420E-A974-4B861A83FB67}.Debug|Any CPU.ActiveCfg = Debug|Any CPU
		{657FC1D9-E977-420E-A974-4B861A83FB67}.Debug|Any CPU.Build.0 = Debug|Any CPU
		{657FC1D9-E977-420E-A974-4B861A83FB67}.Release|Any CPU.ActiveCfg = Release|Any CPU
		{657FC1D9-E977-420E-A974-4B861A83FB67}.Release|Any CPU.Build.0 = Release|Any CPU
	EndGlobalSection
	GlobalSection(SolutionProperties) = preSolution
		HideSolutionNode = FALSE
	EndGlobalSection
	GlobalSection(ExtensibilityGlobals) = postSolution
		SolutionGuid = {78F732C9-3B0F-4B73-B37F-B73EE30379D2}
	EndGlobalSection
EndGlobal
